// !$*UTF8*$!
{
	archiveVersion = 1;
	classes = {
	};
	objectVersion = 50;
	objects = {

/* Begin PBXBuildFile section */
		71AA319624F08F6C0008D92E /* AppDelegate.swift in Sources */ = {isa = PBXBuildFile; fileRef = 71AA319524F08F6C0008D92E /* AppDelegate.swift */; };
		71AA319824F08F6C0008D92E /* SceneDelegate.swift in Sources */ = {isa = PBXBuildFile; fileRef = 71AA319724F08F6C0008D92E /* SceneDelegate.swift */; };
		71AA319A24F08F6C0008D92E /* ContentView.swift in Sources */ = {isa = PBXBuildFile; fileRef = 71AA319924F08F6C0008D92E /* ContentView.swift */; };
		71AA319C24F08F6C0008D92E /* Assets.xcassets in Resources */ = {isa = PBXBuildFile; fileRef = 71AA319B24F08F6C0008D92E /* Assets.xcassets */; };
		71AA319F24F08F6C0008D92E /* Preview Assets.xcassets in Resources */ = {isa = PBXBuildFile; fileRef = 71AA319E24F08F6C0008D92E /* Preview Assets.xcassets */; };
		71AA31A224F08F6C0008D92E /* LaunchScreen.storyboard in Resources */ = {isa = PBXBuildFile; fileRef = 71AA31A024F08F6C0008D92E /* LaunchScreen.storyboard */; };
/* End PBXBuildFile section */

/* Begin PBXFileReference section */
		71AA319224F08F6C0008D92E /* MobileDev_kabir.app */ = {isa = PBXFileReference; explicitFileType = wrapper.application; includeInIndex = 0; path = MobileDev_kabir.app; sourceTree = BUILT_PRODUCTS_DIR; };
		71AA319524F08F6C0008D92E /* AppDelegate.swift */ = {isa = PBXFileReference; lastKnownFileType = sourcecode.swift; path = AppDelegate.swift; sourceTree = "<group>"; };
		71AA319724F08F6C0008D92E /* SceneDelegate.swift */ = {isa = PBXFileReference; lastKnownFileType = sourcecode.swift; path = SceneDelegate.swift; sourceTree = "<group>"; };
		71AA319924F08F6C0008D92E /* ContentView.swift */ = {isa = PBXFileReference; lastKnownFileType = sourcecode.swift; path = ContentView.swift; sourceTree = "<group>"; };
		71AA319B24F08F6C0008D92E /* Assets.xcassets */ = {isa = PBXFileReference; lastKnownFileType = folder.assetcatalog; path = Assets.xcassets; sourceTree = "<group>"; };
		71AA319E24F08F6C0008D92E /* Preview Assets.xcassets */ = {isa = PBXFileReference; lastKnownFileType = folder.assetcatalog; path = "Preview Assets.xcassets"; sourceTree = "<group>"; };
		71AA31A124F08F6C0008D92E /* Base */ = {isa = PBXFileReference; lastKnownFileType = file.storyboard; name = Base; path = Base.lproj/LaunchScreen.storyboard; sourceTree = "<group>"; };
		71AA31A324F08F6C0008D92E /* Info.plist */ = {isa = PBXFileReference; lastKnownFileType = text.plist.xml; path = Info.plist; sourceTree = "<group>"; };
/* End PBXFileReference section */

/* Begin PBXFrameworksBuildPhase section */
		71AA318F24F08F6C0008D92E /* Frameworks */ = {
			isa = PBXFrameworksBuildPhase;
			buildActionMask = 2147483647;
			files = (
			);
			runOnlyForDeploymentPostprocessing = 0;
		};
/* End PBXFrameworksBuildPhase section */

/* Begin PBXGroup section */
		71AA318924F08F6C0008D92E = {
			isa = PBXGroup;
			children = (
				71AA319424F08F6C0008D92E /* MobileDev_kabir */,
				71AA319324F08F6C0008D92E /* Products */,
			);
			sourceTree = "<group>";
		};
		71AA319324F08F6C0008D92E /* Products */ = {
			isa = PBXGroup;
			children = (
				71AA319224F08F6C0008D92E /* MobileDev_kabir.app */,
			);
			name = Products;
			sourceTree = "<group>";
		};
		71AA319424F08F6C0008D92E /* MobileDev_kabir */ = {
			isa = PBXGroup;
			children = (
				71AA319524F08F6C0008D92E /* AppDelegate.swift */,
				71AA319724F08F6C0008D92E /* SceneDelegate.swift */,
				71AA319924F08F6C0008D92E /* ContentView.swift */,
				71AA319B24F08F6C0008D92E /* Assets.xcassets */,
				71AA31A024F08F6C0008D92E /* LaunchScreen.storyboard */,
				71AA31A324F08F6C0008D92E /* Info.plist */,
				71AA319D24F08F6C0008D92E /* Preview Content */,
			);
			path = MobileDev_kabir;
			sourceTree = "<group>";
		};
		71AA319D24F08F6C0008D92E /* Preview Content */ = {
			isa = PBXGroup;
			children = (
				71AA319E24F08F6C0008D92E /* Preview Assets.xcassets */,
			);
			path = "Preview Content";
			sourceTree = "<group>";
		};
/* End PBXGroup section */

/* Begin PBXNativeTarget section */
		71AA319124F08F6C0008D92E /* MobileDev_kabir */ = {
			isa = PBXNativeTarget;
			buildConfigurationList = 71AA31A624F08F6C0008D92E /* Build configuration list for PBXNativeTarget "MobileDev_kabir" */;
			buildPhases = (
				71AA318E24F08F6C0008D92E /* Sources */,
				71AA318F24F08F6C0008D92E /* Frameworks */,
				71AA319024F08F6C0008D92E /* Resources */,
			);
			buildRules = (
			);
			dependencies = (
			);
			name = MobileDev_kabir;
			productName = MobileDev_kabir;
			productReference = 71AA319224F08F6C0008D92E /* MobileDev_kabir.app */;
			productType = "com.apple.product-type.application";
		};
/* End PBXNativeTarget section */

/* Begin PBXProject section */
		71AA318A24F08F6C0008D92E /* Project object */ = {
			isa = PBXProject;
			attributes = {
				LastSwiftUpdateCheck = 1160;
				LastUpgradeCheck = 1160;
				ORGANIZATIONNAME = "Kabir Zaladin";
				TargetAttributes = {
					71AA319124F08F6C0008D92E = {
						CreatedOnToolsVersion = 11.6;
					};
				};
			};
			buildConfigurationList = 71AA318D24F08F6C0008D92E /* Build configuration list for PBXProject "MobileDev_kabir" */;
			compatibilityVersion = "Xcode 9.3";
			developmentRegion = en;
			hasScannedForEncodings = 0;
			knownRegions = (
				en,
				Base,
			);
			mainGroup = 71AA318924F08F6C0008D92E;
			productRefGroup = 71AA319324F08F6C0008D92E /* Products */;
			projectDirPath = "";
			projectRoot = "";
			targets = (
				71AA319124F08F6C0008D92E /* MobileDev_kabir */,
			);
		};
/* End PBXProject section */

/* Begin PBXResourcesBuildPhase section */
		71AA319024F08F6C0008D92E /* Resources */ = {
			isa = PBXResourcesBuildPhase;
			buildActionMask = 2147483647;
			files = (
				71AA31A224F08F6C0008D92E /* LaunchScreen.storyboard in Resources */,
				71AA319F24F08F6C0008D92E /* Preview Assets.xcassets in Resources */,
				71AA319C24F08F6C0008D92E /* Assets.xcassets in Resources */,
			);
			runOnlyForDeploymentPostprocessing = 0;
		};
/* End PBXResourcesBuildPhase section */

/* Begin PBXSourcesBuildPhase section */
		71AA318E24F08F6C0008D92E /* Sources */ = {
			isa = PBXSourcesBuildPhase;
			buildActionMask = 2147483647;
			files = (
				71AA319624F08F6C0008D92E /* AppDelegate.swift in Sources */,
				71AA319824F08F6C0008D92E /* SceneDelegate.swift in Sources */,
				71AA319A24F08F6C0008D92E /* ContentView.swift in Sources */,
			);
			runOnlyForDeploymentPostprocessing = 0;
		};
/* End PBXSourcesBuildPhase section */

/* Begin PBXVariantGroup section */
		71AA31A024F08F6C0008D92E /* LaunchScreen.storyboard */ = {
			isa = PBXVariantGroup;
			children = (
				71AA31A124F08F6C0008D92E /* Base */,
			);
			name = LaunchScreen.storyboard;
			sourceTree = "<group>";
		};
/* End PBXVariantGroup section */

/* Begin XCBuildConfiguration section */
		71AA31A424F08F6C0008D92E /* Debug */ = {
			isa = XCBuildConfiguration;
			buildSettings = {
				ALWAYS_SEARCH_USER_PATHS = NO;
				CLANG_ANALYZER_NONNULL = YES;
				CLANG_ANALYZER_NUMBER_OBJECT_CONVERSION = YES_AGGRESSIVE;
				CLANG_CXX_LANGUAGE_STANDARD = "gnu++14";
				CLANG_CXX_LIBRARY = "libc++";
				CLANG_ENABLE_MODULES = YES;
				CLANG_ENABLE_OBJC_ARC = YES;
				CLANG_ENABLE_OBJC_WEAK = YES;
				CLANG_WARN_BLOCK_CAPTURE_AUTORELEASING = YES;
				CLANG_WARN_BOOL_CONVERSION = YES;
				CLANG_WARN_COMMA = YES;
				CLANG_WARN_CONSTANT_CONVERSION = YES;
				CLANG_WARN_DEPRECATED_OBJC_IMPLEMENTATIONS = YES;
				CLANG_WARN_DIRECT_OBJC_ISA_USAGE = YES_ERROR;
				CLANG_WARN_DOCUMENTATION_COMMENTS = YES;
				CLANG_WARN_EMPTY_BODY = YES;
				CLANG_WARN_ENUM_CONVERSION = YES;
				CLANG_WARN_INFINITE_RECURSION = YES;
				CLANG_WARN_INT_CONVERSION = YES;
				CLANG_WARN_NON_LITERAL_NULL_CONVERSION = YES;
				CLANG_WARN_OBJC_IMPLICIT_RETAIN_SELF = YES;
				CLANG_WARN_OBJC_LITERAL_CONVERSION = YES;
				CLANG_WARN_OBJC_ROOT_CLASS = YES_ERROR;
				CLANG_WARN_RANGE_LOOP_ANALYSIS = YES;
				CLANG_WARN_STRICT_PROTOTYPES = YES;
				CLANG_WARN_SUSPICIOUS_MOVE = YES;
				CLANG_WARN_UNGUARDED_AVAILABILITY = YES_AGGRESSIVE;
				CLANG_WARN_UNREACHABLE_CODE = YES;
				CLANG_WARN__DUPLICATE_METHOD_MATCH = YES;
				COPY_PHASE_STRIP = NO;
				DEBUG_INFORMATION_FORMAT = dwarf;
				ENABLE_STRICT_OBJC_MSGSEND = YES;
				ENABLE_TESTABILITY = YES;
				GCC_C_LANGUAGE_STANDARD = gnu11;
				GCC_DYNAMIC_NO_PIC = NO;
				GCC_NO_COMMON_BLOCKS = YES;
				GCC_OPTIMIZATION_LEVEL = 0;
				GCC_PREPROCESSOR_DEFINITIONS = (
					"DEBUG=1",
					"$(inherited)",
				);
				GCC_WARN_64_TO_32_BIT_CONVERSION = YES;
				GCC_WARN_ABOUT_RETURN_TYPE = YES_ERROR;
				GCC_WARN_UNDECLARED_SELECTOR = YES;
				GCC_WARN_UNINITIALIZED_AUTOS = YES_AGGRESSIVE;
				GCC_WARN_UNUSED_FUNCTION = YES;
				GCC_WARN_UNUSED_VARIABLE = YES;
				IPHONEOS_DEPLOYMENT_TARGET = 13.6;
				MTL_ENABLE_DEBUG_INFO = INCLUDE_SOURCE;
				MTL_FAST_MATH = YES;
				ONLY_ACTIVE_ARCH = YES;
				SDKROOT = iphoneos;
				SWIFT_ACTIVE_COMPILATION_CONDITIONS = DEBUG;
				SWIFT_OPTIMIZATION_LEVEL = "-Onone";
			};
			name = Debug;
		};
		71AA31A524F08F6C0008D92E /* Release */ = {
			isa = XCBuildConfiguration;
			buildSettings = {
				ALWAYS_SEARCH_USER_PATHS = NO;
				CLANG_ANALYZER_NONNULL = YES;
				CLANG_ANALYZER_NUMBER_OBJECT_CONVERSION = YES_AGGRESSIVE;
				CLANG_CXX_LANGUAGE_STANDARD = "gnu++14";
				CLANG_CXX_LIBRARY = "libc++";
				CLANG_ENABLE_MODULES = YES;
				CLANG_ENABLE_OBJC_ARC = YES;
				CLANG_ENABLE_OBJC_WEAK = YES;
				CLANG_WARN_BLOCK_CAPTURE_AUTORELEASING = YES;
				CLANG_WARN_BOOL_CONVERSION = YES;
				CLANG_WARN_COMMA = YES;
				CLANG_WARN_CONSTANT_CONVERSION = YES;
				CLANG_WARN_DEPRECATED_OBJC_IMPLEMENTATIONS = YES;
				CLANG_WARN_DIRECT_OBJC_ISA_USAGE = YES_ERROR;
				CLANG_WARN_DOCUMENTATION_COMMENTS = YES;
				CLANG_WARN_EMPTY_BODY = YES;
				CLANG_WARN_ENUM_CONVERSION = YES;
				CLANG_WARN_INFINITE_RECURSION = YES;
				CLANG_WARN_INT_CONVERSION = YES;
				CLANG_WARN_NON_LITERAL_NULL_CONVERSION = YES;
				CLANG_WARN_OBJC_IMPLICIT_RETAIN_SELF = YES;
				CLANG_WARN_OBJC_LITERAL_CONVERSION = YES;
				CLANG_WARN_OBJC_ROOT_CLASS = YES_ERROR;
				CLANG_WARN_RANGE_LOOP_ANALYSIS = YES;
				CLANG_WARN_STRICT_PROTOTYPES = YES;
				CLANG_WARN_SUSPICIOUS_MOVE = YES;
				CLANG_WARN_UNGUARDED_AVAILABILITY = YES_AGGRESSIVE;
				CLANG_WARN_UNREACHABLE_CODE = YES;
				CLANG_WARN__DUPLICATE_METHOD_MATCH = YES;
				COPY_PHASE_STRIP = NO;
				DEBUG_INFORMATION_FORMAT = "dwarf-with-dsym";
				ENABLE_NS_ASSERTIONS = NO;
				ENABLE_STRICT_OBJC_MSGSEND = YES;
				GCC_C_LANGUAGE_STANDARD = gnu11;
				GCC_NO_COMMON_BLOCKS = YES;
				GCC_WARN_64_TO_32_BIT_CONVERSION = YES;
				GCC_WARN_ABOUT_RETURN_TYPE = YES_ERROR;
				GCC_WARN_UNDECLARED_SELECTOR = YES;
				GCC_WARN_UNINITIALIZED_AUTOS = YES_AGGRESSIVE;
				GCC_WARN_UNUSED_FUNCTION = YES;
				GCC_WARN_UNUSED_VARIABLE = YES;
				IPHONEOS_DEPLOYMENT_TARGET = 13.6;
				MTL_ENABLE_DEBUG_INFO = NO;
				MTL_FAST_MATH = YES;
				SDKROOT = iphoneos;
				SWIFT_COMPILATION_MODE = wholemodule;
				SWIFT_OPTIMIZATION_LEVEL = "-O";
				VALIDATE_PRODUCT = YES;
			};
			name = Release;
		};
		71AA31A724F08F6C0008D92E /* Debug */ = {
			isa = XCBuildConfiguration;
			buildSettings = {
				ASSETCATALOG_COMPILER_APPICON_NAME = AppIcon;
				CODE_SIGN_STYLE = Automatic;
				DEVELOPMENT_ASSET_PATHS = "\"MobileDev_kabir/Preview Content\"";
				ENABLE_PREVIEWS = YES;
				INFOPLIST_FILE = MobileDev_kabir/Info.plist;
				LD_RUNPATH_SEARCH_PATHS = (
					"$(inherited)",
					"@executable_path/Frameworks",
				);
				PRODUCT_BUNDLE_IDENTIFIER = "com.KrZaladin.MobileDev-kabir";
				PRODUCT_NAME = "$(TARGET_NAME)";
				SWIFT_VERSION = 5.0;
				TARGETED_DEVICE_FAMILY = "1,2";
			};
			name = Debug;
		};
		71AA31A824F08F6C0008D92E /* Release */ = {
			isa = XCBuildConfiguration;
			buildSettings = {
				ASSETCATALOG_COMPILER_APPICON_NAME = AppIcon;
				CODE_SIGN_STYLE = Automatic;
				DEVELOPMENT_ASSET_PATHS = "\"MobileDev_kabir/Preview Content\"";
				ENABLE_PREVIEWS = YES;
				INFOPLIST_FILE = MobileDev_kabir/Info.plist;
				LD_RUNPATH_SEARCH_PATHS = (
					"$(inherited)",
					"@executable_path/Frameworks",
				);
				PRODUCT_BUNDLE_IDENTIFIER = "com.KrZaladin.MobileDev-kabir";
				PRODUCT_NAME = "$(TARGET_NAME)";
				SWIFT_VERSION = 5.0;
				TARGETED_DEVICE_FAMILY = "1,2";
			};
			name = Release;
		};
/* End XCBuildConfiguration section */

/* Begin XCConfigurationList section */
		71AA318D24F08F6C0008D92E /* Build configuration list for PBXProject "MobileDev_kabir" */ = {
			isa = XCConfigurationList;
			buildConfigurations = (
				71AA31A424F08F6C0008D92E /* Debug */,
				71AA31A524F08F6C0008D92E /* Release */,
			);
			defaultConfigurationIsVisible = 0;
			defaultConfigurationName = Release;
		};
		71AA31A624F08F6C0008D92E /* Build configuration list for PBXNativeTarget "MobileDev_kabir" */ = {
			isa = XCConfigurationList;
			buildConfigurations = (
				71AA31A724F08F6C0008D92E /* Debug */,
				71AA31A824F08F6C0008D92E /* Release */,
			);
			defaultConfigurationIsVisible = 0;
			defaultConfigurationName = Release;
		};
/* End XCConfigurationList section */
	};
	rootObject = 71AA318A24F08F6C0008D92E /* Project object */;
}
